
Microsoft Visual Studio Solution File, Format Version 12.00
# Visual Studio Version 17
VisualStudioVersion = 17.3.32929.385
MinimumVisualStudioVersion = 10.0.40219.1
Project("{2150E333-8FDC-42A3-9474-1A3956D46DE8}") = "Libraries", "Libraries", "{9D47BF52-920F-43BD-9F39-ED87F0079579}"
EndProject
Project("{FAE04EC0-301F-11D3-BF4B-00C04F79EFBC}") = "Homestead.Platform.Core", "Homestead.Platform.Core\Homestead.Platform.Core.csproj", "{FD715C57-3C2B-4E92-B4C5-3D5944B96C13}"
EndProject
Global
	GlobalSection(SolutionConfigurationPlatforms) = preSolution
		Debug|Any CPU = Debug|Any CPU
		Release|Any CPU = Release|Any CPU
	EndGlobalSection
	GlobalSection(ProjectConfigurationPlatforms) = postSolution
		{FD715C57-3C2B-4E92-B4C5-3D5944B96C13}.Debug|Any CPU.ActiveCfg = Debug|Any CPU
		{FD715C57-3C2B-4E92-B4C5-3D5944B96C13}.Debug|Any CPU.Build.0 = Debug|Any CPU
		{FD715C57-3C2B-4E92-B4C5-3D5944B96C13}.Release|Any CPU.ActiveCfg = Release|Any CPU
		{FD715C57-3C2B-4E92-B4C5-3D5944B96C13}.Release|Any CPU.Build.0 = Release|Any CPU
	EndGlobalSection
	GlobalSection(SolutionProperties) = preSolution
		HideSolutionNode = FALSE
	EndGlobalSection
	GlobalSection(NestedProjects) = preSolution
		{FD715C57-3C2B-4E92-B4C5-3D5944B96C13} = {9D47BF52-920F-43BD-9F39-ED87F0079579}
	EndGlobalSection
	GlobalSection(ExtensibilityGlobals) = postSolution
		SolutionGuid = {C2F31080-4A60-4CCA-85E4-491D3707F013}
	EndGlobalSection
EndGlobal
